<?xml version="1.0" encoding="utf-8"?>
<Project ToolsVersion="4.0" xmlns="http://schemas.microsoft.com/developer/msbuild/2003">
  <ItemGroup>
    <Filter Include="Source Files">
      <UniqueIdentifier>{4FC737F1-C7A5-4376-A066-2A32D752A2FF}</UniqueIdentifier>
      <Extensions>cpp;c;cc;cxx;c++;cppm;ixx;def;odl;idl;hpj;bat;asm;asmx</Extensions>
    </Filter>
    <Filter Include="Header Files">
      <UniqueIdentifier>{93995380-89BD-4b04-88EB-625FBE52EBFB}</UniqueIdentifier>
      <Extensions>h;hh;hpp;hxx;h++;hm;inl;inc;ipp;xsd</Extensions>
    </Filter>
    <Filter Include="Resource Files">
      <UniqueIdentifier>{67DA6AB6-F800-4c08-8B7A-83BB121AAD01}</UniqueIdentifier>
      <Extensions>rc;ico;cur;bmp;dlg;rc2;rct;bin;rgs;gif;jpg;jpeg;jpe;resx;tiff;tif;png;wav;mfcribbon-ms</Extensions>
    </Filter>
  </ItemGroup>
  <ItemGroup>
    <ClCompile Include="src\Application.cpp">
      <Filter>Source Files</Filter>
    </ClCompile>
    <ClCompile Include="src\ShaderClass.cpp">
      <Filter>Source Files</Filter>
    </ClCompile>
    <ClCompile Include="src\VertexBuffer.cpp">
      <Filter>Source Files</Filter>
    </ClCompile>
    <ClCompile Include="src\IndexBuffer.cpp">
      <Filter>Source Files</Filter>
    </ClCompile>
    <ClCompile Include="src\vertexArray.cpp">
      <Filter>Source Files</Filter>
    </ClCompile>
    <ClCompile Include="src\stb.cpp">
      <Filter>Source Files</Filter>
    </ClCompile>
    <ClCompile Include="src\Texture.cpp">
      <Filter>Source Files</Filter>
    </ClCompile>
    <ClCompile Include="src\AudioLoader.cpp">
      <Filter>Source Files</Filter>
    </ClCompile>
    <ClCompile Include="src\stb_vorbis.c">
      <Filter>Source Files</Filter>
    </ClCompile>
    <ClCompile Include="src\kiss_fft.c">
      <Filter>Source Files</Filter>
    </ClCompile>
    <ClCompile Include="src\kiss_fftr.c">
      <Filter>Source Files</Filter>
    </ClCompile>
  </ItemGroup>
  <ItemGroup>
    <None Include="res\shaders\basic.shader" />
    <None Include="res\textures\Rock050_1K-PNG.usda" />
    <None Include="res\textures\Rock050_1K-PNG.usdc" />
    <None Include="resources\shaders\vertex\basic.vert" />
    <None Include="resources\shaders\fragment\Fractal.frag" />
    <None Include="resources\shaders\fragment\NightDrive.frag" />
    <None Include="resources\shaders\fragment\Space.frag" />
    <None Include="resources\shaders\fragment\fluid_simulating.frag" />
    <None Include="resources\shaders\compute\test_comp.comp" />
  </ItemGroup>
  <ItemGroup>
    <ClInclude Include="src\get_window.h">
      <Filter>Header Files</Filter>
    </ClInclude>
    <ClInclude Include="src\OpenGL_CreateInstance.h">
      <Filter>Header Files</Filter>
    </ClInclude>
    <ClInclude Include="src\get_cpu_memory.h">
      <Filter>Header Files</Filter>
    </ClInclude>
    <ClInclude Include="src\ShaderClass.h">
      <Filter>Header Files</Filter>
    </ClInclude>
    <ClInclude Include="src\VertexBuffer.h">
      <Filter>Header Files</Filter>
    </ClInclude>
    <ClInclude Include="src\IndexBuffer.h">
      <Filter>Header Files</Filter>
    </ClInclude>
    <ClInclude Include="src\VertexArray.h">
      <Filter>Header Files</Filter>
    </ClInclude>
    <ClInclude Include="src\Texture.h">
      <Filter>Header Files</Filter>
    </ClInclude>
    <ClInclude Include="src\AudioLoader.h">
      <Filter>Header Files</Filter>
    </ClInclude>
    <ClInclude Include="src\rand.h">
      <Filter>Header Files</Filter>
    </ClInclude>
    <ClInclude Include="src\capturestream.h">
      <Filter>Header Files</Filter>
    </ClInclude>
    <ClInclude Include="src\includes.h">
      <Filter>Header Files</Filter>
    </ClInclude>
    <ClInclude Include="src\temp_opengl.h">
      <Filter>Header Files</Filter>
    </ClInclude>
    <ClInclude Include="src\fluid_simulation.h">
      <Filter>Header Files</Filter>
    </ClInclude>
    <ClInclude Include="resources\shaders\vertex\fluid_simulating.vert">
      <Filter>Header Files</Filter>
    </ClInclude>
    <ClInclude Include="src\shader_holder.h">
      <Filter>Header Files</Filter>
    </ClInclude>
  </ItemGroup>
  <ItemGroup>
    <Image Include="res\textures\Rock050_PREVIEW.jpg">
      <Filter>Resource Files</Filter>
    </Image>
    <Image Include="res\textures\rock.png">
      <Filter>Resource Files</Filter>
    </Image>
    <Image Include="res\textures\Rock050_1K_AmbientOcclusion.png">
      <Filter>Resource Files</Filter>
    </Image>
    <Image Include="res\textures\Rock050_1K_Displacement.png">
      <Filter>Resource Files</Filter>
    </Image>
    <Image Include="res\textures\rockNormal.png">
      <Filter>Resource Files</Filter>
    </Image>
    <Image Include="res\textures\Rock050_1K_NormalGL.png">
      <Filter>Resource Files</Filter>
    </Image>
    <Image Include="res\textures\Rock050_1K_Roughness.png">
      <Filter>Resource Files</Filter>
    </Image>
    <Image Include="res\textures\th.png">
      <Filter>Resource Files</Filter>
    </Image>
    <Image Include="..\..\..\..\Users\noahv\Downloads\planksSpec.png">
      <Filter>Resource Files</Filter>
    </Image>
    <Image Include="..\..\..\..\Users\noahv\Downloads\planks.png">
      <Filter>Resource Files</Filter>
    </Image>
  </ItemGroup>
  <ItemGroup>
    <Text Include="src\temp.txt" />
  </ItemGroup>
  <ItemGroup>
    <Media Include="resources\Sounds\all_i_want.wav">
      <Filter>Resource Files</Filter>
    </Media>
    <Media Include="resources\Sounds\stick_season.wav">
      <Filter>Resource Files</Filter>
    </Media>
    <Media Include="resources\Sounds\Do.wav">
      <Filter>Resource Files</Filter>
    </Media>
  </ItemGroup>
</Project>